
Microsoft Visual Studio Solution File, Format Version 12.00
# Visual Studio Version 17
VisualStudioVersion = 17.0.31521.260
MinimumVisualStudioVersion = 10.0.40219.1
Project("{2150E333-8FDC-42A3-9474-1A3956D46DE8}") = "Solution Items", "Solution Items", "{157D8919-4C57-4493-90D6-A0EE1D84B148}"
	ProjectSection(SolutionItems) = preProject
		.gitignore = .gitignore
		LICENSE = LICENSE
		README.md = README.md
	EndProjectSection
EndProject
Project("{2150E333-8FDC-42A3-9474-1A3956D46DE8}") = "tests", "tests", "{DBE5620F-F14A-441B-8A63-1E6523FA3E03}"
EndProject
Project("{2150E333-8FDC-42A3-9474-1A3956D46DE8}") = "src", "src", "{63F6E7A2-8F74-45DD-A97D-CA171C4EEF87}"
EndProject
Project("{9A19103F-16F7-4668-BE54-9A1E7A4F7556}") = "Utilities.Test", "src\Utilities.Test\Utilities.Test.csproj", "{131218E0-4DE6-4D1F-B2F6-384FA2749876}"
EndProject
Project("{9A19103F-16F7-4668-BE54-9A1E7A4F7556}") = "Utilities.Test.UnitTests", "tests\Utilities.Test.UnitTests\Utilities.Test.UnitTests.csproj", "{08B189AB-DA59-422C-B02C-E2CFB3F001E7}"
EndProject
Project("{9A19103F-16F7-4668-BE54-9A1E7A4F7556}") = "Utilities.Test.NUnitTests", "tests\Utilities.Test.NUnitTests\Utilities.Test.NUnitTests.csproj", "{56860F2C-53CC-4BF2-A891-C889944EB51A}"
EndProject
Project("{2150E333-8FDC-42A3-9474-1A3956D46DE8}") = "cicd", "cicd", "{DACA728F-EBA8-4AF0-B403-46AC4018E675}"
	ProjectSection(SolutionItems) = preProject
		.github\workflows\dotnet.yml = .github\workflows\dotnet.yml
		.github\workflows\release.yml = .github\workflows\release.yml
	EndProjectSection
EndProject
Global
	GlobalSection(SolutionConfigurationPlatforms) = preSolution
		Debug|Any CPU = Debug|Any CPU
		Release|Any CPU = Release|Any CPU
	EndGlobalSection
	GlobalSection(ProjectConfigurationPlatforms) = postSolution
		{131218E0-4DE6-4D1F-B2F6-384FA2749876}.Debug|Any CPU.ActiveCfg = Debug|Any CPU
		{131218E0-4DE6-4D1F-B2F6-384FA2749876}.Debug|Any CPU.Build.0 = Debug|Any CPU
		{131218E0-4DE6-4D1F-B2F6-384FA2749876}.Release|Any CPU.ActiveCfg = Release|Any CPU
		{131218E0-4DE6-4D1F-B2F6-384FA2749876}.Release|Any CPU.Build.0 = Release|Any CPU
		{08B189AB-DA59-422C-B02C-E2CFB3F001E7}.Debug|Any CPU.ActiveCfg = Debug|Any CPU
		{08B189AB-DA59-422C-B02C-E2CFB3F001E7}.Debug|Any CPU.Build.0 = Debug|Any CPU
		{08B189AB-DA59-422C-B02C-E2CFB3F001E7}.Release|Any CPU.ActiveCfg = Release|Any CPU
		{08B189AB-DA59-422C-B02C-E2CFB3F001E7}.Release|Any CPU.Build.0 = Release|Any CPU
		{56860F2C-53CC-4BF2-A891-C889944EB51A}.Debug|Any CPU.ActiveCfg = Debug|Any CPU
		{56860F2C-53CC-4BF2-A891-C889944EB51A}.Debug|Any CPU.Build.0 = Debug|Any CPU
		{56860F2C-53CC-4BF2-A891-C889944EB51A}.Release|Any CPU.ActiveCfg = Release|Any CPU
		{56860F2C-53CC-4BF2-A891-C889944EB51A}.Release|Any CPU.Build.0 = Release|Any CPU
	EndGlobalSection
	GlobalSection(SolutionProperties) = preSolution
		HideSolutionNode = FALSE
	EndGlobalSection
	GlobalSection(NestedProjects) = preSolution
		{131218E0-4DE6-4D1F-B2F6-384FA2749876} = {63F6E7A2-8F74-45DD-A97D-CA171C4EEF87}
		{08B189AB-DA59-422C-B02C-E2CFB3F001E7} = {DBE5620F-F14A-441B-8A63-1E6523FA3E03}
		{56860F2C-53CC-4BF2-A891-C889944EB51A} = {DBE5620F-F14A-441B-8A63-1E6523FA3E03}
		{DACA728F-EBA8-4AF0-B403-46AC4018E675} = {157D8919-4C57-4493-90D6-A0EE1D84B148}
	EndGlobalSection
	GlobalSection(ExtensibilityGlobals) = postSolution
		SolutionGuid = {FA0DECE0-23E9-44FB-9213-91510887CB3C}
	EndGlobalSection
EndGlobal
